
Microsoft Visual Studio Solution File, Format Version 12.00
# Visual Studio Version 17
VisualStudioVersion = 17.11.35219.272
MinimumVisualStudioVersion = 10.0.40219.1
Project("{FAE04EC0-301F-11D3-BF4B-00C04F79EFBC}") = "Constructors", "Constructors.csproj", "{8D65011D-37CA-4C63-88FF-246D25AC1D69}"
EndProject
Global
	GlobalSection(SolutionConfigurationPlatforms) = preSolution
		Debug|Any CPU = Debug|Any CPU
		Release|Any CPU = Release|Any CPU
	EndGlobalSection
	GlobalSection(ProjectConfigurationPlatforms) = postSolution
		{8D65011D-37CA-4C63-88FF-246D25AC1D69}.Debug|Any CPU.ActiveCfg = Debug|Any CPU
		{8D65011D-37CA-4C63-88FF-246D25AC1D69}.Debug|Any CPU.Build.0 = Debug|Any CPU
		{8D65011D-37CA-4C63-88FF-246D25AC1D69}.Release|Any CPU.ActiveCfg = Release|Any CPU
		{8D65011D-37CA-4C63-88FF-246D25AC1D69}.Release|Any CPU.Build.0 = Release|Any CPU
	EndGlobalSection
	GlobalSection(SolutionProperties) = preSolution
		HideSolutionNode = FALSE
	EndGlobalSection
	GlobalSection(ExtensibilityGlobals) = postSolution
		SolutionGuid = {0158A609-6E14-4833-A7F6-EF23FBEA9454}
	EndGlobalSection
EndGlobal
